<Solution>
  <Folder Name="/Task0/">
    <Project Path="Tyuiu.IlkaevNR.Sprint1.Task0.V6.Lib/Tyuiu.IlkaevNR.Sprint1.Task0.V6.Lib.csproj" />
    <Project Path="Tyuiu.IlkaevNR.Sprint1.Task0.V6.Test/Tyuiu.IlkaevNR.Sprint1.Task0.V6.Test.csproj" />
    <Project Path="Tyuiu.IlkaevNR.Sprint1.Task0.V6/Tyuiu.IlkaevNR.Sprint1.Task0.V6.csproj" />
  </Folder>
  <Folder Name="/Task1/">
    <Project Path="Tyuiu.IlkaevNR.Sprint1.Task1.V8.Lib/Tyuiu.IlkaevNR.Sprint1.Task1.V8.Lib.csproj" Id="71bb74d0-a6f4-459a-9853-bb6f5640b4e8" />
    <Project Path="Tyuiu.IlkaevNR.Sprint1.Task1.V8.Test/Tyuiu.IlkaevNR.Sprint1.Task1.V8.Test.csproj" Id="beda8f0a-5f90-4cc9-88db-c26253f44cd9" />
    <Project Path="Tyuiu.IlkaevNR.Sprint1.Task1.V8/Tyuiu.IlkaevNR.Sprint1.Task1.V8.csproj" Id="5b6bb603-af03-4197-a861-322625a00fde" />
  </Folder>
  <Folder Name="/Task2/">
    <Project Path="Tyuiu.IlkaevNR.Sprint1.Task2.V29.Lib/Tyuiu.IlkaevNR.Sprint1.Task2.V29.Lib.csproj" Id="c6acb1d1-d607-42a7-8841-9d897900d98e" />
    <Project Path="Tyuiu.IlkaevNR.Sprint1.Task2.V29.Test/Tyuiu.IlkaevNR.Sprint1.Task2.V29.Test.csproj" Id="2b9cad32-6a92-4f42-b65c-8cf897b57f61" />
    <Project Path="Tyuiu.IlkaevNR.Sprint1.Task2.V29/Tyuiu.IlkaevNR.Sprint1.Task2.V29.csproj" Id="5bbafcca-3003-4471-a582-43e551a7ddec" />
  </Folder>
  <Folder Name="/Task3/">
    <Project Path="Tyuiu.IlkaevNR.Sprint1.Task3.V13.Lib/Tyuiu.IlkaevNR.Sprint1.Task3.V13.Lib.csproj" Id="946b0d17-e24d-4e05-9842-c5ab497966ef" />
    <Project Path="Tyuiu.IlkaevNR.Sprint1.Task3.V13.Test/Tyuiu.IlkaevNR.Sprint1.Task3.V13.Test.csproj" Id="e10cea2d-dca3-4633-ace7-32d51f53927b" />
    <Project Path="Tyuiu.IlkaevNR.Sprint1.Task3.V13/Tyuiu.IlkaevNR.Sprint1.Task3.V13.csproj" Id="c76d1540-9c78-4560-aab2-79237acc0d5b" />
  </Folder>
</Solution>
